
Microsoft Visual Studio Solution File, Format Version 12.00
# Visual Studio Version 17
VisualStudioVersion = 17.9.34714.143
MinimumVisualStudioVersion = 10.0.40219.1
Project("{FAE04EC0-301F-11D3-BF4B-00C04F79EFBC}") = "03_Calcolatore_Integrali_Definiti", "03_Calcolatore_Integrali_Definiti\03_Calcolatore_Integrali_Definiti.csproj", "{7075D80F-0FC2-44D5-A07D-6E75B670C07A}"
EndProject
Global
	GlobalSection(SolutionConfigurationPlatforms) = preSolution
		Debug|Any CPU = Debug|Any CPU
		Release|Any CPU = Release|Any CPU
	EndGlobalSection
	GlobalSection(ProjectConfigurationPlatforms) = postSolution
		{7075D80F-0FC2-44D5-A07D-6E75B670C07A}.Debug|Any CPU.ActiveCfg = Debug|Any CPU
		{7075D80F-0FC2-44D5-A07D-6E75B670C07A}.Debug|Any CPU.Build.0 = Debug|Any CPU
		{7075D80F-0FC2-44D5-A07D-6E75B670C07A}.Release|Any CPU.ActiveCfg = Release|Any CPU
		{7075D80F-0FC2-44D5-A07D-6E75B670C07A}.Release|Any CPU.Build.0 = Release|Any CPU
	EndGlobalSection
	GlobalSection(SolutionProperties) = preSolution
		HideSolutionNode = FALSE
	EndGlobalSection
	GlobalSection(ExtensibilityGlobals) = postSolution
		SolutionGuid = {3D5C6510-8C7C-4EA4-9A1C-37C725D373CF}
	EndGlobalSection
EndGlobal
